
Microsoft Visual Studio Solution File, Format Version 12.00
# Visual Studio Version 17
VisualStudioVersion = 17.7.34202.233
MinimumVisualStudioVersion = 10.0.40219.1
Project("{8BC9CEB8-8B4A-11D0-8D11-00A0C91BC942}") = "BaiHocDauTien", "BaiHocDauTien.vcxproj", "{955558CE-A1F5-4271-8E97-78BAA8023CEA}"
EndProject
Global
	GlobalSection(SolutionConfigurationPlatforms) = preSolution
		Debug|x64 = Debug|x64
		Debug|x86 = Debug|x86
		Release|x64 = Release|x64
		Release|x86 = Release|x86
	EndGlobalSection
	GlobalSection(ProjectConfigurationPlatforms) = postSolution
		{955558CE-A1F5-4271-8E97-78BAA8023CEA}.Debug|x64.ActiveCfg = Debug|x64
		{955558CE-A1F5-4271-8E97-78BAA8023CEA}.Debug|x64.Build.0 = Debug|x64
		{955558CE-A1F5-4271-8E97-78BAA8023CEA}.Debug|x86.ActiveCfg = Debug|Win32
		{955558CE-A1F5-4271-8E97-78BAA8023CEA}.Debug|x86.Build.0 = Debug|Win32
		{955558CE-A1F5-4271-8E97-78BAA8023CEA}.Release|x64.ActiveCfg = Release|x64
		{955558CE-A1F5-4271-8E97-78BAA8023CEA}.Release|x64.Build.0 = Release|x64
		{955558CE-A1F5-4271-8E97-78BAA8023CEA}.Release|x86.ActiveCfg = Release|Win32
		{955558CE-A1F5-4271-8E97-78BAA8023CEA}.Release|x86.Build.0 = Release|Win32
	EndGlobalSection
	GlobalSection(SolutionProperties) = preSolution
		HideSolutionNode = FALSE
	EndGlobalSection
	GlobalSection(ExtensibilityGlobals) = postSolution
		SolutionGuid = {1C92C6BF-0859-4DCB-BEC7-86E5B269BA40}
	EndGlobalSection
EndGlobal
