
Microsoft Visual Studio Solution File, Format Version 12.00
# Visual Studio Version 17
VisualStudioVersion = 17.8.34601.278
MinimumVisualStudioVersion = 10.0.40219.1
Project("{8BC9CEB8-8B4A-11D0-8D11-00A0C91BC942}") = "kiemTraSoNguyenTo", "kiemTraSoNguyenTo.vcxproj", "{10D15576-5A24-4500-B4F4-19EDA2539E1F}"
EndProject
Global
	GlobalSection(SolutionConfigurationPlatforms) = preSolution
		Debug|x64 = Debug|x64
		Debug|x86 = Debug|x86
		Release|x64 = Release|x64
		Release|x86 = Release|x86
	EndGlobalSection
	GlobalSection(ProjectConfigurationPlatforms) = postSolution
		{10D15576-5A24-4500-B4F4-19EDA2539E1F}.Debug|x64.ActiveCfg = Debug|x64
		{10D15576-5A24-4500-B4F4-19EDA2539E1F}.Debug|x64.Build.0 = Debug|x64
		{10D15576-5A24-4500-B4F4-19EDA2539E1F}.Debug|x86.ActiveCfg = Debug|Win32
		{10D15576-5A24-4500-B4F4-19EDA2539E1F}.Debug|x86.Build.0 = Debug|Win32
		{10D15576-5A24-4500-B4F4-19EDA2539E1F}.Release|x64.ActiveCfg = Release|x64
		{10D15576-5A24-4500-B4F4-19EDA2539E1F}.Release|x64.Build.0 = Release|x64
		{10D15576-5A24-4500-B4F4-19EDA2539E1F}.Release|x86.ActiveCfg = Release|Win32
		{10D15576-5A24-4500-B4F4-19EDA2539E1F}.Release|x86.Build.0 = Release|Win32
	EndGlobalSection
	GlobalSection(SolutionProperties) = preSolution
		HideSolutionNode = FALSE
	EndGlobalSection
	GlobalSection(ExtensibilityGlobals) = postSolution
		SolutionGuid = {C68585D0-B838-49E3-96C9-F109B54DA252}
	EndGlobalSection
EndGlobal
